
Microsoft Visual Studio Solution File, Format Version 12.00
# Visual Studio Version 16
VisualStudioVersion = 16.0.31729.503
MinimumVisualStudioVersion = 10.0.40219.1
Project("{FAE04EC0-301F-11D3-BF4B-00C04F79EFBC}") = "Shopify-ZeinIbrahim", "Shopify-ZeinIbrahim.csproj", "{43F34ECC-0326-4F47-A77E-E38E0262E38F}"
EndProject
Global
	GlobalSection(SolutionConfigurationPlatforms) = preSolution
		Debug|Any CPU = Debug|Any CPU
		Release|Any CPU = Release|Any CPU
	EndGlobalSection
	GlobalSection(ProjectConfigurationPlatforms) = postSolution
		{43F34ECC-0326-4F47-A77E-E38E0262E38F}.Debug|Any CPU.ActiveCfg = Debug|Any CPU
		{43F34ECC-0326-4F47-A77E-E38E0262E38F}.Debug|Any CPU.Build.0 = Debug|Any CPU
		{43F34ECC-0326-4F47-A77E-E38E0262E38F}.Release|Any CPU.ActiveCfg = Release|Any CPU
		{43F34ECC-0326-4F47-A77E-E38E0262E38F}.Release|Any CPU.Build.0 = Release|Any CPU
	EndGlobalSection
	GlobalSection(SolutionProperties) = preSolution
		HideSolutionNode = FALSE
	EndGlobalSection
	GlobalSection(ExtensibilityGlobals) = postSolution
		SolutionGuid = {F1BA811F-4001-4542-9A8A-D1F69D9161C7}
	EndGlobalSection
EndGlobal
